
Microsoft Visual Studio Solution File, Format Version 12.00
# Visual Studio Version 17
VisualStudioVersion = 17.4.33213.308
MinimumVisualStudioVersion = 10.0.40219.1
Project("{FAE04EC0-301F-11D3-BF4B-00C04F79EFBC}") = "Parsing de String a Integer", "Parsing de String a Integer\Parsing de String a Integer.csproj", "{C62083EB-664F-4763-B39C-AB52D147A456}"
EndProject
Global
	GlobalSection(SolutionConfigurationPlatforms) = preSolution
		Debug|Any CPU = Debug|Any CPU
		Release|Any CPU = Release|Any CPU
	EndGlobalSection
	GlobalSection(ProjectConfigurationPlatforms) = postSolution
		{C62083EB-664F-4763-B39C-AB52D147A456}.Debug|Any CPU.ActiveCfg = Debug|Any CPU
		{C62083EB-664F-4763-B39C-AB52D147A456}.Debug|Any CPU.Build.0 = Debug|Any CPU
		{C62083EB-664F-4763-B39C-AB52D147A456}.Release|Any CPU.ActiveCfg = Release|Any CPU
		{C62083EB-664F-4763-B39C-AB52D147A456}.Release|Any CPU.Build.0 = Release|Any CPU
	EndGlobalSection
	GlobalSection(SolutionProperties) = preSolution
		HideSolutionNode = FALSE
	EndGlobalSection
	GlobalSection(ExtensibilityGlobals) = postSolution
		SolutionGuid = {A39ACF1D-78D7-41A9-8DD1-690F56CE90CA}
	EndGlobalSection
EndGlobal
